{
  "version": 4,
  "terraform_version": "0.12.24",
  "serial": 4,
  "lineage": "e1694e95-2bee-2c8a-2e42-d566bd25b6eb",
  "outputs": {
    "cluster_region": {
      "value": "us-west1",
      "type": "string"
    },
    "load-balancer-ip": {
      "value": "34.82.112.28",
      "type": "string"
    },
    "network": {
      "value": "https://www.googleapis.com/compute/v1/projects/continual-math-290014/global/networks/tf-gke-k8s",
      "type": "string"
    },
    "subnetwork_name": {
      "value": "tf-gke-k8s",
      "type": "string"
    }
  },
  "resources": [
    {
      "mode": "data",
      "type": "google_client_config",
      "name": "current",
      "provider": "provider.google",
      "instances": [
        {
          "schema_version": 0,
          "attributes": {
            "access_token": "ya29.a0AfH6SMCPt64BMVWTgrRReBMKPXWsM4YIA_BQRteepVGhXMAk0pxw1V1KYev3rnW8xHnDnYYnAycBYDQK_XXY-XD7gFdQlSqArU_0ukSFh-BpEw9fTFoTRTXfOjspeEL1P_SY6RkYalnFG5vrt5SzyrLQUdQ4yU-Bz8FPWnyc8T3tReDHxmpCA43GTouq8bt54pvVzNrV41jwqzb3gSZ74GWyPzG0wlbfmbzV8yV8It-AYMslAoXoafriN0QHzXkKu7WDZS3Opxu_-fc3ZmJx",
            "id": "projects/continual-math-290014/regions/us-west1/zones/",
            "project": "continual-math-290014",
            "region": "us-west1",
            "zone": ""
          }
        }
      ]
    },
    {
      "mode": "data",
      "type": "google_container_engine_versions",
      "name": "default",
      "provider": "provider.google",
      "instances": [
        {
          "schema_version": 0,
          "attributes": {
            "default_cluster_version": "1.16.15-gke.4300",
            "id": "2020-11-23 21:49:08.72642905 +0000 UTC",
            "latest_master_version": "1.17.13-gke.2600",
            "latest_node_version": "1.17.13-gke.2600",
            "location": "us-west1-b",
            "project": null,
            "release_channel_default_version": {
              "RAPID": "1.18.10-gke.2101",
              "REGULAR": "1.17.13-gke.1400",
              "STABLE": "1.16.15-gke.4300"
            },
            "valid_master_versions": [
              "1.17.13-gke.2600",
              "1.17.13-gke.2001",
              "1.17.13-gke.1400",
              "1.17.13-gke.600",
              "1.17.12-gke.2502",
              "1.17.12-gke.1504",
              "1.17.12-gke.1501",
              "1.16.15-gke.5500",
              "1.16.15-gke.4901",
              "1.16.15-gke.4300",
              "1.16.15-gke.3500",
              "1.16.15-gke.2601",
              "1.16.15-gke.1600",
              "1.16.15-gke.500",
              "1.16.13-gke.404",
              "1.16.13-gke.403",
              "1.15.12-gke.6001",
              "1.15.12-gke.5000",
              "1.15.12-gke.4002",
              "1.15.12-gke.4000",
              "1.15.12-gke.20",
              "1.14.10-gke.1504",
              "1.14.10-gke.902",
              "1.14.10-gke.50"
            ],
            "valid_node_versions": [
              "1.17.13-gke.2600",
              "1.17.13-gke.2001",
              "1.17.13-gke.1400",
              "1.17.13-gke.600",
              "1.17.12-gke.2502",
              "1.17.12-gke.1504",
              "1.17.12-gke.1501",
              "1.17.12-gke.500",
              "1.17.9-gke.6300",
              "1.17.9-gke.1504",
              "1.16.15-gke.5500",
              "1.16.15-gke.4901",
              "1.16.15-gke.4300",
              "1.16.15-gke.3500",
              "1.16.15-gke.2601",
              "1.16.15-gke.1600",
              "1.16.15-gke.500",
              "1.16.13-gke.404",
              "1.16.13-gke.403",
              "1.16.13-gke.401",
              "1.16.13-gke.400",
              "1.16.13-gke.1",
              "1.16.11-gke.5",
              "1.16.10-gke.8",
              "1.16.9-gke.6",
              "1.16.9-gke.2",
              "1.16.8-gke.15",
              "1.16.8-gke.12",
              "1.16.8-gke.9",
              "1.15.12-gke.6001",
              "1.15.12-gke.5000",
              "1.15.12-gke.4002",
              "1.15.12-gke.4000",
              "1.15.12-gke.20",
              "1.15.12-gke.17",
              "1.15.12-gke.16",
              "1.15.12-gke.13",
              "1.15.12-gke.9",
              "1.15.12-gke.6",
              "1.15.12-gke.3",
              "1.15.12-gke.2",
              "1.15.11-gke.17",
              "1.15.11-gke.15",
              "1.15.11-gke.13",
              "1.15.11-gke.12",
              "1.15.11-gke.11",
              "1.15.11-gke.9",
              "1.15.11-gke.5",
              "1.15.11-gke.3",
              "1.15.11-gke.1",
              "1.15.9-gke.26",
              "1.15.9-gke.24",
              "1.15.9-gke.22",
              "1.15.9-gke.12",
              "1.15.9-gke.9",
              "1.15.9-gke.8",
              "1.15.8-gke.3",
              "1.15.8-gke.2",
              "1.15.7-gke.23",
              "1.15.7-gke.2",
              "1.15.4-gke.22",
              "1.14.10-gke.1504",
              "1.14.10-gke.902",
              "1.14.10-gke.50",
              "1.14.10-gke.46",
              "1.14.10-gke.45",
              "1.14.10-gke.42",
              "1.14.10-gke.41",
              "1.14.10-gke.40",
              "1.14.10-gke.37",
              "1.14.10-gke.36",
              "1.14.10-gke.34",
              "1.14.10-gke.32",
              "1.14.10-gke.31",
              "1.14.10-gke.27",
              "1.14.10-gke.24",
              "1.14.10-gke.22",
              "1.14.10-gke.21",
              "1.14.10-gke.17",
              "1.14.10-gke.0",
              "1.14.9-gke.23",
              "1.14.9-gke.2",
              "1.14.9-gke.0",
              "1.14.8-gke.33",
              "1.14.8-gke.21",
              "1.14.8-gke.18",
              "1.14.8-gke.17",
              "1.14.8-gke.14",
              "1.14.8-gke.12",
              "1.14.8-gke.7",
              "1.14.8-gke.2",
              "1.14.7-gke.40",
              "1.14.7-gke.25",
              "1.14.7-gke.23",
              "1.14.7-gke.17",
              "1.14.7-gke.14",
              "1.14.7-gke.10",
              "1.14.6-gke.13",
              "1.14.6-gke.2",
              "1.14.6-gke.1",
              "1.14.3-gke.11",
              "1.14.3-gke.10",
              "1.14.3-gke.9",
              "1.14.2-gke.9",
              "1.14.1-gke.5",
              "1.13.12-gke.30",
              "1.13.12-gke.25",
              "1.13.12-gke.17",
              "1.13.12-gke.16",
              "1.13.12-gke.14",
              "1.13.12-gke.13",
              "1.13.12-gke.10",
              "1.13.12-gke.8",
              "1.13.12-gke.4",
              "1.13.12-gke.2",
              "1.13.11-gke.23",
              "1.13.11-gke.15",
              "1.13.11-gke.14",
              "1.13.11-gke.12",
              "1.13.11-gke.11",
              "1.13.11-gke.9",
              "1.13.11-gke.5",
              "1.13.10-gke.7",
              "1.13.10-gke.0",
              "1.13.9-gke.11",
              "1.13.9-gke.3",
              "1.13.7-gke.24",
              "1.13.7-gke.19",
              "1.13.7-gke.15",
              "1.13.7-gke.8",
              "1.13.7-gke.0",
              "1.13.6-gke.13",
              "1.13.6-gke.6",
              "1.13.6-gke.5",
              "1.13.6-gke.0",
              "1.13.5-gke.10",
              "1.12.10-gke.22",
              "1.12.10-gke.20",
              "1.12.10-gke.19",
              "1.12.10-gke.18",
              "1.12.10-gke.17",
              "1.12.10-gke.15",
              "1.12.10-gke.13",
              "1.12.10-gke.11",
              "1.12.10-gke.5",
              "1.12.9-gke.16",
              "1.12.9-gke.15",
              "1.12.9-gke.13",
              "1.12.9-gke.10",
              "1.12.9-gke.7",
              "1.12.9-gke.3",
              "1.12.8-gke.12",
              "1.12.8-gke.10",
              "1.12.8-gke.7",
              "1.12.8-gke.6",
              "1.12.7-gke.26",
              "1.12.7-gke.25",
              "1.12.7-gke.24",
              "1.12.7-gke.22",
              "1.12.7-gke.21",
              "1.12.7-gke.17",
              "1.12.7-gke.10",
              "1.12.7-gke.7",
              "1.12.6-gke.11",
              "1.12.6-gke.10",
              "1.12.6-gke.7",
              "1.12.5-gke.10",
              "1.12.5-gke.5",
              "1.11.10-gke.6",
              "1.11.10-gke.5"
            ],
            "version_prefix": null
          }
        }
      ]
    },
    {
      "mode": "managed",
      "type": "google_compute_address",
      "name": "default",
      "provider": "provider.google",
      "instances": [
        {
          "schema_version": 0,
          "attributes": {
            "address": "34.82.112.28",
            "address_type": "EXTERNAL",
            "creation_timestamp": "2020-11-23T13:49:18.679-08:00",
            "description": "",
            "id": "projects/continual-math-290014/regions/us-west1/addresses/tf-gke-k8s",
            "name": "tf-gke-k8s",
            "network_tier": "PREMIUM",
            "project": "continual-math-290014",
            "purpose": "",
            "region": "us-west1",
            "self_link": "https://www.googleapis.com/compute/v1/projects/continual-math-290014/regions/us-west1/addresses/tf-gke-k8s",
            "subnetwork": "",
            "timeouts": null,
            "users": []
          },
          "private": "eyJlMmJmYjczMC1lY2FhLTExZTYtOGY4OC0zNDM2M2JjN2M0YzAiOnsiY3JlYXRlIjoyNDAwMDAwMDAwMDAsImRlbGV0ZSI6MjQwMDAwMDAwMDAwfX0="
        }
      ]
    },
    {
      "mode": "managed",
      "type": "google_compute_network",
      "name": "default",
      "provider": "provider.google",
      "instances": [
        {
          "schema_version": 0,
          "attributes": {
            "auto_create_subnetworks": false,
            "delete_default_routes_on_create": false,
            "description": "",
            "gateway_ipv4": "",
            "id": "projects/continual-math-290014/global/networks/tf-gke-k8s",
            "mtu": 0,
            "name": "tf-gke-k8s",
            "project": "continual-math-290014",
            "routing_mode": "REGIONAL",
            "self_link": "https://www.googleapis.com/compute/v1/projects/continual-math-290014/global/networks/tf-gke-k8s",
            "timeouts": null
          },
          "private": "eyJlMmJmYjczMC1lY2FhLTExZTYtOGY4OC0zNDM2M2JjN2M0YzAiOnsiY3JlYXRlIjoyNDAwMDAwMDAwMDAsImRlbGV0ZSI6MjQwMDAwMDAwMDAwLCJ1cGRhdGUiOjI0MDAwMDAwMDAwMH19"
        }
      ]
    },
    {
      "mode": "managed",
      "type": "google_compute_subnetwork",
      "name": "default",
      "provider": "provider.google",
      "instances": [
        {
          "schema_version": 0,
          "attributes": {
            "creation_timestamp": "2020-11-23T13:49:31.512-08:00",
            "description": "",
            "fingerprint": null,
            "gateway_address": "10.127.0.1",
            "id": "projects/continual-math-290014/regions/us-west1/subnetworks/tf-gke-k8s",
            "ip_cidr_range": "10.127.0.0/20",
            "log_config": [],
            "name": "tf-gke-k8s",
            "network": "https://www.googleapis.com/compute/v1/projects/continual-math-290014/global/networks/tf-gke-k8s",
            "private_ip_google_access": true,
            "private_ipv6_google_access": "DISABLE_GOOGLE_ACCESS",
            "project": "continual-math-290014",
            "region": "us-west1",
            "secondary_ip_range": [],
            "self_link": "https://www.googleapis.com/compute/v1/projects/continual-math-290014/regions/us-west1/subnetworks/tf-gke-k8s",
            "timeouts": null
          },
          "private": "eyJlMmJmYjczMC1lY2FhLTExZTYtOGY4OC0zNDM2M2JjN2M0YzAiOnsiY3JlYXRlIjozNjAwMDAwMDAwMDAsImRlbGV0ZSI6MzYwMDAwMDAwMDAwLCJ1cGRhdGUiOjM2MDAwMDAwMDAwMH19",
          "dependencies": [
            "google_compute_network.default"
          ]
        }
      ]
    }
  ]
}
