{
  "version": 4,
  "terraform_version": "0.12.24",
  "serial": 9,
  "lineage": "e1694e95-2bee-2c8a-2e42-d566bd25b6eb",
  "outputs": {
    "cluster_location": {
      "value": "us-west1-b",
      "type": "string"
    },
    "cluster_name": {
      "value": "tf-gke-k8s",
      "type": "string"
    },
    "cluster_region": {
      "value": "us-west1",
      "type": "string"
    },
    "load-balancer-ip": {
      "value": "34.82.112.28",
      "type": "string"
    },
    "network": {
      "value": "https://www.googleapis.com/compute/v1/projects/continual-math-290014/global/networks/tf-gke-k8s",
      "type": "string"
    },
    "subnetwork_name": {
      "value": "tf-gke-k8s",
      "type": "string"
    }
  },
  "resources": [
    {
      "mode": "data",
      "type": "google_client_config",
      "name": "current",
      "provider": "provider.google",
      "instances": [
        {
          "schema_version": 0,
          "attributes": {
            "access_token": "ya29.a0AfH6SMCPt64BMVWTgrRReBMKPXWsM4YIA_BQRteepVGhXMAk0pxw1V1KYev3rnW8xHnDnYYnAycBYDQK_XXY-XD7gFdQlSqArU_0ukSFh-BpEw9fTFoTRTXfOjspeEL1P_SY6RkYalnFG5vrt5SzyrLQUdQ4yU-Bz8FPWnyc8T3tReDHxmpCA43GTouq8bt54pvVzNrV41jwqzb3gSZ74GWyPzG0wlbfmbzV8yV8It-AYMslAoXoafriN0QHzXkKu7WDZS3Opxu_-fc3ZmJx",
            "id": "projects/continual-math-290014/regions/us-west1/zones/",
            "project": "continual-math-290014",
            "region": "us-west1",
            "zone": ""
          }
        }
      ]
    },
    {
      "mode": "data",
      "type": "google_container_engine_versions",
      "name": "default",
      "provider": "provider.google",
      "instances": [
        {
          "schema_version": 0,
          "attributes": {
            "default_cluster_version": "1.16.15-gke.4300",
            "id": "2020-11-23 21:52:57.509036187 +0000 UTC",
            "latest_master_version": "1.17.13-gke.2600",
            "latest_node_version": "1.17.13-gke.2600",
            "location": "us-west1-b",
            "project": null,
            "release_channel_default_version": {
              "RAPID": "1.18.10-gke.2101",
              "REGULAR": "1.17.13-gke.1400",
              "STABLE": "1.16.15-gke.4300"
            },
            "valid_master_versions": [
              "1.17.13-gke.2600",
              "1.17.13-gke.2001",
              "1.17.13-gke.1400",
              "1.17.13-gke.600",
              "1.17.12-gke.2502",
              "1.17.12-gke.1504",
              "1.17.12-gke.1501",
              "1.16.15-gke.5500",
              "1.16.15-gke.4901",
              "1.16.15-gke.4300",
              "1.16.15-gke.3500",
              "1.16.15-gke.2601",
              "1.16.15-gke.1600",
              "1.16.15-gke.500",
              "1.16.13-gke.404",
              "1.16.13-gke.403",
              "1.15.12-gke.6001",
              "1.15.12-gke.5000",
              "1.15.12-gke.4002",
              "1.15.12-gke.4000",
              "1.15.12-gke.20",
              "1.14.10-gke.1504",
              "1.14.10-gke.902",
              "1.14.10-gke.50"
            ],
            "valid_node_versions": [
              "1.17.13-gke.2600",
              "1.17.13-gke.2001",
              "1.17.13-gke.1400",
              "1.17.13-gke.600",
              "1.17.12-gke.2502",
              "1.17.12-gke.1504",
              "1.17.12-gke.1501",
              "1.17.12-gke.500",
              "1.17.9-gke.6300",
              "1.17.9-gke.1504",
              "1.16.15-gke.5500",
              "1.16.15-gke.4901",
              "1.16.15-gke.4300",
              "1.16.15-gke.3500",
              "1.16.15-gke.2601",
              "1.16.15-gke.1600",
              "1.16.15-gke.500",
              "1.16.13-gke.404",
              "1.16.13-gke.403",
              "1.16.13-gke.401",
              "1.16.13-gke.400",
              "1.16.13-gke.1",
              "1.16.11-gke.5",
              "1.16.10-gke.8",
              "1.16.9-gke.6",
              "1.16.9-gke.2",
              "1.16.8-gke.15",
              "1.16.8-gke.12",
              "1.16.8-gke.9",
              "1.15.12-gke.6001",
              "1.15.12-gke.5000",
              "1.15.12-gke.4002",
              "1.15.12-gke.4000",
              "1.15.12-gke.20",
              "1.15.12-gke.17",
              "1.15.12-gke.16",
              "1.15.12-gke.13",
              "1.15.12-gke.9",
              "1.15.12-gke.6",
              "1.15.12-gke.3",
              "1.15.12-gke.2",
              "1.15.11-gke.17",
              "1.15.11-gke.15",
              "1.15.11-gke.13",
              "1.15.11-gke.12",
              "1.15.11-gke.11",
              "1.15.11-gke.9",
              "1.15.11-gke.5",
              "1.15.11-gke.3",
              "1.15.11-gke.1",
              "1.15.9-gke.26",
              "1.15.9-gke.24",
              "1.15.9-gke.22",
              "1.15.9-gke.12",
              "1.15.9-gke.9",
              "1.15.9-gke.8",
              "1.15.8-gke.3",
              "1.15.8-gke.2",
              "1.15.7-gke.23",
              "1.15.7-gke.2",
              "1.15.4-gke.22",
              "1.14.10-gke.1504",
              "1.14.10-gke.902",
              "1.14.10-gke.50",
              "1.14.10-gke.46",
              "1.14.10-gke.45",
              "1.14.10-gke.42",
              "1.14.10-gke.41",
              "1.14.10-gke.40",
              "1.14.10-gke.37",
              "1.14.10-gke.36",
              "1.14.10-gke.34",
              "1.14.10-gke.32",
              "1.14.10-gke.31",
              "1.14.10-gke.27",
              "1.14.10-gke.24",
              "1.14.10-gke.22",
              "1.14.10-gke.21",
              "1.14.10-gke.17",
              "1.14.10-gke.0",
              "1.14.9-gke.23",
              "1.14.9-gke.2",
              "1.14.9-gke.0",
              "1.14.8-gke.33",
              "1.14.8-gke.21",
              "1.14.8-gke.18",
              "1.14.8-gke.17",
              "1.14.8-gke.14",
              "1.14.8-gke.12",
              "1.14.8-gke.7",
              "1.14.8-gke.2",
              "1.14.7-gke.40",
              "1.14.7-gke.25",
              "1.14.7-gke.23",
              "1.14.7-gke.17",
              "1.14.7-gke.14",
              "1.14.7-gke.10",
              "1.14.6-gke.13",
              "1.14.6-gke.2",
              "1.14.6-gke.1",
              "1.14.3-gke.11",
              "1.14.3-gke.10",
              "1.14.3-gke.9",
              "1.14.2-gke.9",
              "1.14.1-gke.5",
              "1.13.12-gke.30",
              "1.13.12-gke.25",
              "1.13.12-gke.17",
              "1.13.12-gke.16",
              "1.13.12-gke.14",
              "1.13.12-gke.13",
              "1.13.12-gke.10",
              "1.13.12-gke.8",
              "1.13.12-gke.4",
              "1.13.12-gke.2",
              "1.13.11-gke.23",
              "1.13.11-gke.15",
              "1.13.11-gke.14",
              "1.13.11-gke.12",
              "1.13.11-gke.11",
              "1.13.11-gke.9",
              "1.13.11-gke.5",
              "1.13.10-gke.7",
              "1.13.10-gke.0",
              "1.13.9-gke.11",
              "1.13.9-gke.3",
              "1.13.7-gke.24",
              "1.13.7-gke.19",
              "1.13.7-gke.15",
              "1.13.7-gke.8",
              "1.13.7-gke.0",
              "1.13.6-gke.13",
              "1.13.6-gke.6",
              "1.13.6-gke.5",
              "1.13.6-gke.0",
              "1.13.5-gke.10",
              "1.12.10-gke.22",
              "1.12.10-gke.20",
              "1.12.10-gke.19",
              "1.12.10-gke.18",
              "1.12.10-gke.17",
              "1.12.10-gke.15",
              "1.12.10-gke.13",
              "1.12.10-gke.11",
              "1.12.10-gke.5",
              "1.12.9-gke.16",
              "1.12.9-gke.15",
              "1.12.9-gke.13",
              "1.12.9-gke.10",
              "1.12.9-gke.7",
              "1.12.9-gke.3",
              "1.12.8-gke.12",
              "1.12.8-gke.10",
              "1.12.8-gke.7",
              "1.12.8-gke.6",
              "1.12.7-gke.26",
              "1.12.7-gke.25",
              "1.12.7-gke.24",
              "1.12.7-gke.22",
              "1.12.7-gke.21",
              "1.12.7-gke.17",
              "1.12.7-gke.10",
              "1.12.7-gke.7",
              "1.12.6-gke.11",
              "1.12.6-gke.10",
              "1.12.6-gke.7",
              "1.12.5-gke.10",
              "1.12.5-gke.5",
              "1.11.10-gke.6",
              "1.11.10-gke.5"
            ],
            "version_prefix": null
          }
        }
      ]
    },
    {
      "mode": "managed",
      "type": "google_compute_address",
      "name": "default",
      "provider": "provider.google",
      "instances": [
        {
          "schema_version": 0,
          "attributes": {
            "address": "34.82.112.28",
            "address_type": "EXTERNAL",
            "creation_timestamp": "2020-11-23T13:49:18.679-08:00",
            "description": "",
            "id": "projects/continual-math-290014/regions/us-west1/addresses/tf-gke-k8s",
            "name": "tf-gke-k8s",
            "network_tier": "PREMIUM",
            "project": "continual-math-290014",
            "purpose": "",
            "region": "us-west1",
            "self_link": "https://www.googleapis.com/compute/v1/projects/continual-math-290014/regions/us-west1/addresses/tf-gke-k8s",
            "subnetwork": "",
            "timeouts": null,
            "users": []
          },
          "private": "eyJlMmJmYjczMC1lY2FhLTExZTYtOGY4OC0zNDM2M2JjN2M0YzAiOnsiY3JlYXRlIjoyNDAwMDAwMDAwMDAsImRlbGV0ZSI6MjQwMDAwMDAwMDAwfX0="
        }
      ]
    },
    {
      "mode": "managed",
      "type": "google_compute_network",
      "name": "default",
      "provider": "provider.google",
      "instances": [
        {
          "schema_version": 0,
          "attributes": {
            "auto_create_subnetworks": false,
            "delete_default_routes_on_create": false,
            "description": "",
            "gateway_ipv4": "",
            "id": "projects/continual-math-290014/global/networks/tf-gke-k8s",
            "mtu": 0,
            "name": "tf-gke-k8s",
            "project": "continual-math-290014",
            "routing_mode": "REGIONAL",
            "self_link": "https://www.googleapis.com/compute/v1/projects/continual-math-290014/global/networks/tf-gke-k8s",
            "timeouts": null
          },
          "private": "eyJlMmJmYjczMC1lY2FhLTExZTYtOGY4OC0zNDM2M2JjN2M0YzAiOnsiY3JlYXRlIjoyNDAwMDAwMDAwMDAsImRlbGV0ZSI6MjQwMDAwMDAwMDAwLCJ1cGRhdGUiOjI0MDAwMDAwMDAwMH19"
        }
      ]
    },
    {
      "mode": "managed",
      "type": "google_compute_subnetwork",
      "name": "default",
      "provider": "provider.google",
      "instances": [
        {
          "schema_version": 0,
          "attributes": {
            "creation_timestamp": "2020-11-23T13:49:31.512-08:00",
            "description": "",
            "fingerprint": null,
            "gateway_address": "10.127.0.1",
            "id": "projects/continual-math-290014/regions/us-west1/subnetworks/tf-gke-k8s",
            "ip_cidr_range": "10.127.0.0/20",
            "log_config": [],
            "name": "tf-gke-k8s",
            "network": "https://www.googleapis.com/compute/v1/projects/continual-math-290014/global/networks/tf-gke-k8s",
            "private_ip_google_access": true,
            "private_ipv6_google_access": "DISABLE_GOOGLE_ACCESS",
            "project": "continual-math-290014",
            "region": "us-west1",
            "secondary_ip_range": [],
            "self_link": "https://www.googleapis.com/compute/v1/projects/continual-math-290014/regions/us-west1/subnetworks/tf-gke-k8s",
            "timeouts": null
          },
          "private": "eyJlMmJmYjczMC1lY2FhLTExZTYtOGY4OC0zNDM2M2JjN2M0YzAiOnsiY3JlYXRlIjozNjAwMDAwMDAwMDAsImRlbGV0ZSI6MzYwMDAwMDAwMDAwLCJ1cGRhdGUiOjM2MDAwMDAwMDAwMH19",
          "dependencies": [
            "google_compute_network.default"
          ]
        }
      ]
    },
    {
      "mode": "managed",
      "type": "google_container_cluster",
      "name": "default",
      "provider": "provider.google",
      "instances": [
        {
          "schema_version": 1,
          "attributes": {
            "addons_config": [
              {
                "cloudrun_config": [],
                "horizontal_pod_autoscaling": [],
                "http_load_balancing": [],
                "network_policy_config": [
                  {
                    "disabled": true
                  }
                ]
              }
            ],
            "authenticator_groups_config": [],
            "cluster_autoscaling": [
              {
                "auto_provisioning_defaults": [],
                "enabled": false,
                "resource_limits": []
              }
            ],
            "cluster_ipv4_cidr": "10.4.0.0/14",
            "database_encryption": [
              {
                "key_name": "",
                "state": "DECRYPTED"
              }
            ],
            "default_max_pods_per_node": null,
            "description": "",
            "enable_binary_authorization": false,
            "enable_intranode_visibility": null,
            "enable_kubernetes_alpha": false,
            "enable_legacy_abac": true,
            "enable_shielded_nodes": false,
            "enable_tpu": null,
            "endpoint": "35.230.12.182",
            "id": "projects/continual-math-290014/locations/us-west1-b/clusters/tf-gke-k8s",
            "initial_node_count": 3,
            "instance_group_urls": [
              "https://www.googleapis.com/compute/v1/projects/continual-math-290014/zones/us-west1-b/instanceGroups/gke-tf-gke-k8s-default-pool-c457fedb-grp"
            ],
            "ip_allocation_policy": [],
            "label_fingerprint": "a9dc16a7",
            "location": "us-west1-b",
            "logging_service": "logging.googleapis.com/kubernetes",
            "maintenance_policy": [],
            "master_auth": [
              {
                "client_certificate": "",
                "client_certificate_config": [
                  {
                    "issue_client_certificate": false
                  }
                ],
                "client_key": "",
                "cluster_ca_certificate": "LS0tLS1CRUdJTiBDRVJUSUZJQ0FURS0tLS0tCk1JSURLakNDQWhLZ0F3SUJBZ0lRRHk3cUUzeE5qaGZlNFlWL0pFS2xhREFOQmdrcWhraUc5dzBCQVFzRkFEQXYKTVMwd0t3WURWUVFERXlSaU5tVTNOakpoTkMweFlqazFMVFE0TmpBdE9UTXpPUzB3TXpOak16UmtNbUZoWm1VdwpIaGNOTWpBeE1USXpNakExTXpBMldoY05NalV4TVRJeU1qRTFNekEyV2pBdk1TMHdLd1lEVlFRREV5UmlObVUzCk5qSmhOQzB4WWprMUxUUTROakF0T1RNek9TMHdNek5qTXpSa01tRmhabVV3Z2dFaU1BMEdDU3FHU0liM0RRRUIKQVFVQUE0SUJEd0F3Z2dFS0FvSUJBUURoVWcxY1UxaUZHQ1lNTkJUVEd3c2JXRW1nS1djWFR2c0FyK2MyWTZtOQoyN0pQcjU1RXEwbURxTmlsMFFHSVl5T3BEbitVY04rODNqc0p6R1RZL3kwU0NReTBnanRiZHMzVWpCNUhsZmM3CmtvQU04QnMvY3BLRmxUaXMwTW0reExONlppWGZUOFhhVjEySmk5ZHJnankvT1BNRWtBdXQ5aTR3eExVR3MzRWUKb1UvdlQwUERhYllLWVBHa0Qxbk43SktERkY2aWpJWVQ0bG5wUFhRSythUW1JZUhuMG1hWDB2LzJ5dXpaZUl5aQoxTVUxOC91Q21OblVxT0pLQ2JWTEVuZFVNcVo3ZUd6T0JhOTZRc1M4dnVsclg3aWRoNHpzQzd0RGZEaGhyTXVlCkZUcGJQcnFYdUorajRod29RUHN6K1pwRmlJZkx0SFUzbTNUbXNFQTF1TklaQWdNQkFBR2pRakJBTUE0R0ExVWQKRHdFQi93UUVBd0lDQkRBUEJnTlZIUk1CQWY4RUJUQURBUUgvTUIwR0ExVWREZ1FXQkJSNTZCcG4wdVNJc1g5LwpuTWNjK0tleUw4T2oyVEFOQmdrcWhraUc5dzBCQVFzRkFBT0NBUUVBTlRkYi9KdXdGaEhtRzJXa0JTQTdTYU1vCkpwVnhrVjV4WUVEd2RKMEU3Lzhhd29BWFN6U1lkd1c4THFUZFVnUGx0eVBaL0lYL092bDdMbWRKVEJOdHpBM0IKMnBJSWoxWU85VDBPZWVmamtqVFAvWE9vSVNSaFF6L0VHckdGaU43M2FMbUtUK1ZyZXloU3IvWVpKMEtxWTRFZwpkbEh0Q0lIR2FqWUpqUjBQS3hLNTdzSkNwalBuSjgwd3BxMDA1ZTkvdEorczBRdld0RE9YUmRwZUZzZlBYNWgvCkZjR2NhM3I3S2ZIQXFhNWNlWjQrL3UzRnpBS3lzelkyMXJsNWUrc2J6UGlHTU1tNTVDMFdod3NpREpuL2FQVVQKOFo5ZmxudTg2TlFNYXFwbC9tUmVqU0FzYUhPOXFkdElyUGZqMUtodkhEeWFnTmpSVm9BVmh1cUdjVWhxcWc9PQotLS0tLUVORCBDRVJUSUZJQ0FURS0tLS0tCg==",
                "password": "",
                "username": ""
              }
            ],
            "master_authorized_networks_config": [],
            "master_version": "1.17.13-gke.2600",
            "min_master_version": "1.17.13-gke.2600",
            "monitoring_service": "monitoring.googleapis.com/kubernetes",
            "name": "tf-gke-k8s",
            "network": "projects/continual-math-290014/global/networks/tf-gke-k8s",
            "network_policy": [
              {
                "enabled": false,
                "provider": "PROVIDER_UNSPECIFIED"
              }
            ],
            "node_config": [
              {
                "disk_size_gb": 100,
                "disk_type": "pd-standard",
                "guest_accelerator": [],
                "image_type": "COS",
                "labels": {},
                "local_ssd_count": 0,
                "machine_type": "e2-medium",
                "metadata": {
                  "disable-legacy-endpoints": "true"
                },
                "min_cpu_platform": "",
                "oauth_scopes": [
                  "https://www.googleapis.com/auth/devstorage.read_only",
                  "https://www.googleapis.com/auth/logging.write",
                  "https://www.googleapis.com/auth/monitoring",
                  "https://www.googleapis.com/auth/service.management.readonly",
                  "https://www.googleapis.com/auth/servicecontrol",
                  "https://www.googleapis.com/auth/trace.append"
                ],
                "preemptible": false,
                "service_account": "default",
                "shielded_instance_config": [
                  {
                    "enable_integrity_monitoring": true,
                    "enable_secure_boot": false
                  }
                ],
                "tags": [],
                "taint": [],
                "workload_metadata_config": []
              }
            ],
            "node_locations": [],
            "node_pool": [
              {
                "autoscaling": [],
                "initial_node_count": 3,
                "instance_group_urls": [
                  "https://www.googleapis.com/compute/v1/projects/continual-math-290014/zones/us-west1-b/instanceGroupManagers/gke-tf-gke-k8s-default-pool-c457fedb-grp"
                ],
                "management": [
                  {
                    "auto_repair": true,
                    "auto_upgrade": true
                  }
                ],
                "max_pods_per_node": 0,
                "name": "default-pool",
                "name_prefix": "",
                "node_config": [
                  {
                    "disk_size_gb": 100,
                    "disk_type": "pd-standard",
                    "guest_accelerator": [],
                    "image_type": "COS",
                    "labels": {},
                    "local_ssd_count": 0,
                    "machine_type": "e2-medium",
                    "metadata": {
                      "disable-legacy-endpoints": "true"
                    },
                    "min_cpu_platform": "",
                    "oauth_scopes": [
                      "https://www.googleapis.com/auth/devstorage.read_only",
                      "https://www.googleapis.com/auth/logging.write",
                      "https://www.googleapis.com/auth/monitoring",
                      "https://www.googleapis.com/auth/service.management.readonly",
                      "https://www.googleapis.com/auth/servicecontrol",
                      "https://www.googleapis.com/auth/trace.append"
                    ],
                    "preemptible": false,
                    "service_account": "default",
                    "shielded_instance_config": [
                      {
                        "enable_integrity_monitoring": true,
                        "enable_secure_boot": false
                      }
                    ],
                    "tags": [],
                    "taint": [],
                    "workload_metadata_config": []
                  }
                ],
                "node_count": 3,
                "node_locations": [
                  "us-west1-b"
                ],
                "upgrade_settings": [
                  {
                    "max_surge": 1,
                    "max_unavailable": 0
                  }
                ],
                "version": "1.17.13-gke.2600"
              }
            ],
            "node_version": "1.17.13-gke.2600",
            "operation": null,
            "pod_security_policy_config": [],
            "private_cluster_config": [],
            "project": "continual-math-290014",
            "release_channel": [
              {
                "channel": "UNSPECIFIED"
              }
            ],
            "remove_default_node_pool": null,
            "resource_labels": null,
            "resource_usage_export_config": [],
            "self_link": "https://container.googleapis.com/v1beta1/projects/continual-math-290014/zones/us-west1-b/clusters/tf-gke-k8s",
            "services_ipv4_cidr": "10.7.240.0/20",
            "subnetwork": "projects/continual-math-290014/regions/us-west1/subnetworks/tf-gke-k8s",
            "timeouts": null,
            "vertical_pod_autoscaling": [],
            "workload_identity_config": []
          },
          "private": "eyJlMmJmYjczMC1lY2FhLTExZTYtOGY4OC0zNDM2M2JjN2M0YzAiOnsiY3JlYXRlIjoyNDAwMDAwMDAwMDAwLCJkZWxldGUiOjI0MDAwMDAwMDAwMDAsInJlYWQiOjI0MDAwMDAwMDAwMDAsInVwZGF0ZSI6MzYwMDAwMDAwMDAwMH0sInNjaGVtYV92ZXJzaW9uIjoiMSJ9",
          "dependencies": [
            "google_compute_subnetwork.default"
          ]
        }
      ]
    },
    {
      "mode": "managed",
      "type": "kubernetes_namespace",
      "name": "staging",
      "provider": "provider.kubernetes",
      "instances": [
        {
          "schema_version": 0,
          "attributes": {
            "id": "staging",
            "metadata": [
              {
                "annotations": null,
                "generate_name": "",
                "generation": 0,
                "labels": null,
                "name": "staging",
                "resource_version": "683",
                "self_link": "/api/v1/namespaces/staging",
                "uid": "ffe183b3-47f6-4ada-b93f-970064881b79"
              }
            ],
            "timeouts": null
          },
          "private": "eyJlMmJmYjczMC1lY2FhLTExZTYtOGY4OC0zNDM2M2JjN2M0YzAiOnsiZGVsZXRlIjozMDAwMDAwMDAwMDB9fQ==",
          "dependencies": [
            "google_compute_subnetwork.default",
            "google_container_cluster.default"
          ]
        }
      ]
    },
    {
      "mode": "managed",
      "type": "kubernetes_replication_controller",
      "name": "nginx",
      "provider": "provider.kubernetes",
      "instances": [
        {
          "schema_version": 0,
          "attributes": {
            "id": "staging/nginx",
            "metadata": [
              {
                "annotations": null,
                "generate_name": "",
                "generation": 1,
                "labels": {
                  "run": "nginx"
                },
                "name": "nginx",
                "namespace": "staging",
                "resource_version": "722",
                "self_link": "/api/v1/namespaces/staging/replicationcontrollers/nginx",
                "uid": "341cd6b6-4e7a-492a-86e0-16eaaff3555f"
              }
            ],
            "spec": [
              {
                "min_ready_seconds": 0,
                "replicas": 1,
                "selector": {
                  "run": "nginx"
                },
                "template": [
                  {
                    "active_deadline_seconds": 0,
                    "affinity": [],
                    "automount_service_account_token": false,
                    "container": [],
                    "dns_config": [],
                    "dns_policy": "",
                    "host_aliases": [],
                    "host_ipc": false,
                    "host_network": false,
                    "host_pid": false,
                    "hostname": "",
                    "image_pull_secrets": [],
                    "init_container": [],
                    "metadata": [
                      {
                        "annotations": null,
                        "generate_name": "",
                        "generation": 0,
                        "labels": {
                          "run": "nginx"
                        },
                        "name": "nginx",
                        "namespace": "",
                        "resource_version": "",
                        "self_link": "",
                        "uid": ""
                      }
                    ],
                    "node_name": "",
                    "node_selector": {},
                    "priority_class_name": "",
                    "restart_policy": "",
                    "security_context": [],
                    "service_account_name": "",
                    "share_process_namespace": false,
                    "spec": [
                      {
                        "active_deadline_seconds": 0,
                        "affinity": [],
                        "automount_service_account_token": false,
                        "container": [
                          {
                            "args": null,
                            "command": null,
                            "env": [],
                            "env_from": [],
                            "image": "nginx:latest",
                            "image_pull_policy": "Always",
                            "lifecycle": [],
                            "liveness_probe": [],
                            "name": "nginx",
                            "port": [],
                            "readiness_probe": [],
                            "resources": [
                              {
                                "limits": [
                                  {
                                    "cpu": "500m",
                                    "memory": "512Mi"
                                  }
                                ],
                                "requests": [
                                  {
                                    "cpu": "250m",
                                    "memory": "50Mi"
                                  }
                                ]
                              }
                            ],
                            "security_context": [],
                            "stdin": false,
                            "stdin_once": false,
                            "termination_message_path": "/dev/termination-log",
                            "tty": false,
                            "volume_mount": [],
                            "working_dir": ""
                          }
                        ],
                        "dns_config": [],
                        "dns_policy": "ClusterFirst",
                        "host_aliases": [],
                        "host_ipc": false,
                        "host_network": false,
                        "host_pid": false,
                        "hostname": "",
                        "image_pull_secrets": [],
                        "init_container": [],
                        "node_name": "",
                        "node_selector": {},
                        "priority_class_name": "",
                        "restart_policy": "Always",
                        "security_context": [],
                        "service_account_name": "",
                        "share_process_namespace": false,
                        "subdomain": "",
                        "termination_grace_period_seconds": 0,
                        "toleration": [],
                        "volume": []
                      }
                    ],
                    "subdomain": "",
                    "termination_grace_period_seconds": 0,
                    "toleration": [],
                    "volume": []
                  }
                ]
              }
            ],
            "timeouts": null
          },
          "private": "eyJlMmJmYjczMC1lY2FhLTExZTYtOGY4OC0zNDM2M2JjN2M0YzAiOnsiY3JlYXRlIjo2MDAwMDAwMDAwMDAsImRlbGV0ZSI6NjAwMDAwMDAwMDAwLCJ1cGRhdGUiOjYwMDAwMDAwMDAwMH19",
          "dependencies": [
            "google_compute_subnetwork.default",
            "google_container_cluster.default",
            "kubernetes_namespace.staging"
          ]
        }
      ]
    },
    {
      "mode": "managed",
      "type": "kubernetes_service",
      "name": "nginx",
      "provider": "provider.kubernetes",
      "instances": [
        {
          "schema_version": 0,
          "attributes": {
            "id": "staging/nginx",
            "load_balancer_ingress": [
              {
                "hostname": "",
                "ip": "34.82.112.28"
              }
            ],
            "metadata": [
              {
                "annotations": null,
                "generate_name": "",
                "generation": 0,
                "labels": null,
                "name": "nginx",
                "namespace": "staging",
                "resource_version": "1007",
                "self_link": "/api/v1/namespaces/staging/services/nginx",
                "uid": "2d6e2c91-85a4-4bdf-9632-f20dd76af978"
              }
            ],
            "spec": [
              {
                "cluster_ip": "10.7.247.186",
                "external_ips": null,
                "external_name": "",
                "external_traffic_policy": "Cluster",
                "load_balancer_ip": "34.82.112.28",
                "load_balancer_source_ranges": null,
                "port": [
                  {
                    "name": "",
                    "node_port": 31470,
                    "port": 80,
                    "protocol": "TCP",
                    "target_port": "80"
                  }
                ],
                "publish_not_ready_addresses": false,
                "selector": {
                  "run": "nginx"
                },
                "session_affinity": "ClientIP",
                "type": "LoadBalancer"
              }
            ],
            "timeouts": null
          },
          "private": "eyJlMmJmYjczMC1lY2FhLTExZTYtOGY4OC0zNDM2M2JjN2M0YzAiOnsiY3JlYXRlIjo2MDAwMDAwMDAwMDB9fQ==",
          "dependencies": [
            "google_compute_address.default",
            "google_compute_subnetwork.default",
            "google_container_cluster.default",
            "kubernetes_namespace.staging"
          ]
        }
      ]
    }
  ]
}
