{
  "version": 4,
  "terraform_version": "0.13.5",
  "serial": 6,
  "lineage": "b39aecb8-8c99-92e1-46e0-5433fb984cd3",
  "outputs": {
    "generated_user_password": {
      "value": "69e9e3d382a9f02b",
      "type": "string",
      "sensitive": true
    },
    "instance_address": {
      "value": "35.193.177.155",
      "type": "string"
    },
    "instance_address_time_to_retire": {
      "value": "",
      "type": "string"
    },
    "instance_name": {
      "value": "example-mysql-6440",
      "type": "string"
    },
    "self_link": {
      "value": "https://www.googleapis.com/sql/v1beta4/projects/continual-math-290014/instances/example-mysql-6440",
      "type": "string"
    }
  },
  "resources": [
    {
      "mode": "managed",
      "type": "google_sql_database",
      "name": "default",
      "provider": "provider[\"registry.terraform.io/hashicorp/google\"]",
      "instances": [
        {
          "index_key": 0,
          "schema_version": 0,
          "attributes": {
            "charset": "utf8",
            "collation": "utf8_general_ci",
            "id": "example-mysql-6440:default",
            "instance": "example-mysql-6440",
            "name": "default",
            "project": "continual-math-290014",
            "self_link": "https://www.googleapis.com/sql/v1beta4/projects/continual-math-290014/instances/example-mysql-6440/databases/default",
            "timeouts": null
          },
          "private": "eyJlMmJmYjczMC1lY2FhLTExZTYtOGY4OC0zNDM2M2JjN2M0YzAiOnsiY3JlYXRlIjo5MDAwMDAwMDAwMDAsImRlbGV0ZSI6NjAwMDAwMDAwMDAwLCJ1cGRhdGUiOjYwMDAwMDAwMDAwMH19",
          "dependencies": [
            "google_sql_database_instance.master",
            "random_id.name"
          ]
        }
      ]
    },
    {
      "mode": "managed",
      "type": "google_sql_database_instance",
      "name": "master",
      "provider": "provider[\"registry.terraform.io/hashicorp/google\"]",
      "instances": [
        {
          "schema_version": 0,
          "attributes": {
            "connection_name": "continual-math-290014:us-central1:example-mysql-6440",
            "database_version": "MYSQL_5_6",
            "first_ip_address": "35.193.177.155",
            "id": "example-mysql-6440",
            "ip_address": [
              {
                "ip_address": "35.193.177.155",
                "time_to_retire": "",
                "type": "PRIMARY"
              }
            ],
            "master_instance_name": "",
            "name": "example-mysql-6440",
            "private_ip_address": "",
            "project": "continual-math-290014",
            "public_ip_address": "35.193.177.155",
            "region": "us-central1",
            "replica_configuration": [],
            "self_link": "https://www.googleapis.com/sql/v1beta4/projects/continual-math-290014/instances/example-mysql-6440",
            "server_ca_cert": [
              {
                "cert": "-----BEGIN CERTIFICATE-----\nMIIDfzCCAmegAwIBAgIBADANBgkqhkiG9w0BAQsFADB3MS0wKwYDVQQuEyQxNDA0\nNTQ0ZS1jZDg4LTQ2Y2YtODRiOC00Nzg4MzkyNGJiN2QxIzAhBgNVBAMTGkdvb2ds\nZSBDbG91ZCBTUUwgU2VydmVyIENBMRQwEgYDVQQKEwtHb29nbGUsIEluYzELMAkG\nA1UEBhMCVVMwHhcNMjAxMTI0MTUzMzA5WhcNMzAxMTIyMTUzNDA5WjB3MS0wKwYD\nVQQuEyQxNDA0NTQ0ZS1jZDg4LTQ2Y2YtODRiOC00Nzg4MzkyNGJiN2QxIzAhBgNV\nBAMTGkdvb2dsZSBDbG91ZCBTUUwgU2VydmVyIENBMRQwEgYDVQQKEwtHb29nbGUs\nIEluYzELMAkGA1UEBhMCVVMwggEiMA0GCSqGSIb3DQEBAQUAA4IBDwAwggEKAoIB\nAQCG3hHSM59OpZE9lUcJ9nAVUw6Z3WoxbEHa2lgXVoWZbkGsOh8Ifo/Wr0zUBpMq\nNQDg20EB/wy0HLgGLsIEzKXQInS7eSp20Z3eAQCUMF1FXl5rfH0FboqL3lbZAwSg\n3aGg84phXCWzCEdKqjhH8OnvWlm2yYlLTJsAanXtC3/3rD0Q1ssl12Pyloh+qyH0\nJ+5GKM2LLBOq5iOK+t6MoQ0KIpOLgUYWft0p6416ENWXktTAZ4v57faf9QHrB2MB\n8MLljWvsAC0SajaX9XSmUbIP8rk9/s61pbVjwTnw1FLVkoc3BiJNxXXikw81fIi5\nydae7BCyJyott99LDy8Rwyv3AgMBAAGjFjAUMBIGA1UdEwEB/wQIMAYBAf8CAQAw\nDQYJKoZIhvcNAQELBQADggEBAGUPNxuT1m0YA+1QHAKs7TTg+TnHBlJ0lVY7hS1T\nUADlfvnx0f2qcGjjqjMhJMuJTt6WAxfLvDiziPrC6ec5Pi6zKB7/cNEAo5exRYg/\nb/UVCqE4GhV3ZzXuNIDJkslChqRL084Ag8xwJ1xM5RS/jbcbLl+HsbgXBm8Zie7x\na0EYLGmjGdObqNErnpeqR/eaC0a/KQ2mKzBkorqpl/IxnZTBw56JaGXigWGUxGsG\nRL85aimE62WRUkk3fKveRf/HXwePiEPmRSIahFq0Gg0Pzsq6+Oef22cJsV/rl8kg\nFmDeiwyWF5IkauzloLznNqZCHCPp3VnzyGclKMxkj/BPpxc=\n-----END CERTIFICATE-----",
                "common_name": "C=US,O=Google\\, Inc,CN=Google Cloud SQL Server CA,dnQualifier=1404544e-cd88-46cf-84b8-47883924bb7d",
                "create_time": "2020-11-24T15:33:09.661Z",
                "expiration_time": "2030-11-22T15:34:09.661Z",
                "sha1_fingerprint": "bfef47696ccaa1ed4b66443bcd288b54e753af19"
              }
            ],
            "service_account_email_address": "p740297172896-mh3ey9@gcp-sa-cloud-sql.iam.gserviceaccount.com",
            "settings": [
              {
                "activation_policy": "ALWAYS",
                "authorized_gae_applications": [],
                "availability_type": "ZONAL",
                "backup_configuration": [
                  {
                    "binary_log_enabled": false,
                    "enabled": false,
                    "location": "",
                    "start_time": "16:00"
                  }
                ],
                "crash_safe_replication": false,
                "database_flags": [],
                "disk_autoresize": true,
                "disk_size": 10,
                "disk_type": "PD_SSD",
                "ip_configuration": [
                  {
                    "authorized_networks": [],
                    "ipv4_enabled": true,
                    "private_network": "",
                    "require_ssl": false
                  }
                ],
                "location_preference": [
                  {
                    "follow_gae_application": "",
                    "zone": "us-central1-b"
                  }
                ],
                "maintenance_window": [],
                "pricing_plan": "PER_USE",
                "replication_type": "SYNCHRONOUS",
                "tier": "db-f1-micro",
                "user_labels": null,
                "version": 1
              }
            ],
            "timeouts": {
              "create": "60m",
              "delete": "2h",
              "update": null
            }
          },
          "private": "eyJlMmJmYjczMC1lY2FhLTExZTYtOGY4OC0zNDM2M2JjN2M0YzAiOnsiY3JlYXRlIjozNjAwMDAwMDAwMDAwLCJkZWxldGUiOjcyMDAwMDAwMDAwMDAsInVwZGF0ZSI6MTIwMDAwMDAwMDAwMH19",
          "dependencies": [
            "random_id.name"
          ]
        }
      ]
    },
    {
      "mode": "managed",
      "type": "google_sql_user",
      "name": "default",
      "provider": "provider[\"registry.terraform.io/hashicorp/google\"]",
      "instances": [
        {
          "index_key": 0,
          "schema_version": 1,
          "attributes": {
            "host": "%",
            "id": "default/%/example-mysql-6440",
            "instance": "example-mysql-6440",
            "name": "default",
            "password": "69e9e3d382a9f02b",
            "project": "continual-math-290014"
          },
          "private": "eyJzY2hlbWFfdmVyc2lvbiI6IjEifQ==",
          "dependencies": [
            "google_sql_database_instance.master",
            "random_id.name",
            "random_id.user-password"
          ]
        }
      ]
    },
    {
      "mode": "managed",
      "type": "random_id",
      "name": "name",
      "provider": "provider[\"registry.terraform.io/hashicorp/random\"]",
      "instances": [
        {
          "schema_version": 0,
          "attributes": {
            "b64": "ZEA",
            "b64_std": "ZEA=",
            "b64_url": "ZEA",
            "byte_length": 2,
            "dec": "25664",
            "hex": "6440",
            "id": "ZEA",
            "keepers": null,
            "prefix": null
          },
          "private": "bnVsbA=="
        }
      ]
    },
    {
      "mode": "managed",
      "type": "random_id",
      "name": "user-password",
      "provider": "provider[\"registry.terraform.io/hashicorp/random\"]",
      "instances": [
        {
          "schema_version": 0,
          "attributes": {
            "b64": "aenj04Kp8Cs",
            "b64_std": "aenj04Kp8Cs=",
            "b64_url": "aenj04Kp8Cs",
            "byte_length": 8,
            "dec": "7631881541125795883",
            "hex": "69e9e3d382a9f02b",
            "id": "aenj04Kp8Cs",
            "keepers": null,
            "prefix": null
          },
          "private": "bnVsbA=="
        }
      ]
    }
  ]
}
